// !$*UTF8*$!
{
	archiveVersion = 1;
	classes = {
	};
	objectVersion = 46;
	objects = {

/* Begin PBXBuildFile section */
		DA04EA1D1F316AB50051B04E /* SessionViewController.swift in Sources */ = {isa = PBXBuildFile; fileRef = DA04EA1C1F316AB50051B04E /* SessionViewController.swift */; };
		DA33F21D1F178A2300F8882B /* TrackerSessionTableViewController.swift in Sources */ = {isa = PBXBuildFile; fileRef = DA33F21C1F178A2300F8882B /* TrackerSessionTableViewController.swift */; };
		DA33F2211F178AA300F8882B /* TrackerNavViewController.swift in Sources */ = {isa = PBXBuildFile; fileRef = DA33F2201F178AA300F8882B /* TrackerNavViewController.swift */; };
		DA33F2271F1793EF00F8882B /* SessionDetailTableViewController.swift in Sources */ = {isa = PBXBuildFile; fileRef = DA33F2261F1793EF00F8882B /* SessionDetailTableViewController.swift */; };
		DAA564071F5693160044434D /* SessionItemViewController.swift in Sources */ = {isa = PBXBuildFile; fileRef = DAA564061F5693160044434D /* SessionItemViewController.swift */; };
		DAAC89C71F98599F0018FA1D /* CalculationFunctions.swift in Sources */ = {isa = PBXBuildFile; fileRef = DAAC89C61F98599F0018FA1D /* CalculationFunctions.swift */; };
		DAB1CDDA1F1E282300E94DE0 /* passZybooDataBack.swift in Sources */ = {isa = PBXBuildFile; fileRef = DAB1CDD91F1E282300E94DE0 /* passZybooDataBack.swift */; };
		DAD4E6F11F92355100EE89E2 /* ZybooItemObj+CoreDataClass.swift in Sources */ = {isa = PBXBuildFile; fileRef = DAD4E6ED1F92355100EE89E2 /* ZybooItemObj+CoreDataClass.swift */; };
		DAD4E6F21F92355100EE89E2 /* ZybooItemObj+CoreDataProperties.swift in Sources */ = {isa = PBXBuildFile; fileRef = DAD4E6EE1F92355100EE89E2 /* ZybooItemObj+CoreDataProperties.swift */; };
		DAD4E6F31F92355100EE89E2 /* SessionObj+CoreDataClass.swift in Sources */ = {isa = PBXBuildFile; fileRef = DAD4E6EF1F92355100EE89E2 /* SessionObj+CoreDataClass.swift */; };
		DAD4E6F41F92355100EE89E2 /* SessionObj+CoreDataProperties.swift in Sources */ = {isa = PBXBuildFile; fileRef = DAD4E6F01F92355100EE89E2 /* SessionObj+CoreDataProperties.swift */; };
		DAD5121A1F90BF2D00749DAB /* ZybooItemTableViewCell.swift in Sources */ = {isa = PBXBuildFile; fileRef = DAD512191F90BF2D00749DAB /* ZybooItemTableViewCell.swift */; };
		DAD5B4591F1F9EED0091EB17 /* HappyHourNavViewController.swift in Sources */ = {isa = PBXBuildFile; fileRef = DAD5B4581F1F9EED0091EB17 /* HappyHourNavViewController.swift */; };
		DAD5B45B1F1F9F280091EB17 /* HappyHourMapViewController.swift in Sources */ = {isa = PBXBuildFile; fileRef = DAD5B45A1F1F9F280091EB17 /* HappyHourMapViewController.swift */; };
		DAD5B45D1F1FA0920091EB17 /* SettingsNavViewController.swift in Sources */ = {isa = PBXBuildFile; fileRef = DAD5B45C1F1FA0920091EB17 /* SettingsNavViewController.swift */; };
		DAD5B45F1F1FA0B10091EB17 /* SettingsTableViewController.swift in Sources */ = {isa = PBXBuildFile; fileRef = DAD5B45E1F1FA0B10091EB17 /* SettingsTableViewController.swift */; };
		DAD5B4911F1FA6750091EB17 /* Icon-App-20x20@1x.png in Resources */ = {isa = PBXBuildFile; fileRef = DAD5B46B1F1FA6740091EB17 /* Icon-App-20x20@1x.png */; };
		DAD5B4921F1FA6750091EB17 /* Icon-App-20x20@2x.png in Resources */ = {isa = PBXBuildFile; fileRef = DAD5B46C1F1FA6740091EB17 /* Icon-App-20x20@2x.png */; };
		DAD5B4931F1FA6750091EB17 /* Icon-App-20x20@3x.png in Resources */ = {isa = PBXBuildFile; fileRef = DAD5B46D1F1FA6740091EB17 /* Icon-App-20x20@3x.png */; };
		DAD5B4941F1FA6750091EB17 /* Icon-App-29x29@1x.png in Resources */ = {isa = PBXBuildFile; fileRef = DAD5B46E1F1FA6740091EB17 /* Icon-App-29x29@1x.png */; };
		DAD5B4951F1FA6750091EB17 /* Icon-App-29x29@2x.png in Resources */ = {isa = PBXBuildFile; fileRef = DAD5B46F1F1FA6740091EB17 /* Icon-App-29x29@2x.png */; };
		DAD5B4961F1FA6750091EB17 /* Icon-App-29x29@3x.png in Resources */ = {isa = PBXBuildFile; fileRef = DAD5B4701F1FA6740091EB17 /* Icon-App-29x29@3x.png */; };
		DAD5B4971F1FA6750091EB17 /* Icon-App-40x40@1x.png in Resources */ = {isa = PBXBuildFile; fileRef = DAD5B4711F1FA6740091EB17 /* Icon-App-40x40@1x.png */; };
		DAD5B4981F1FA6750091EB17 /* Icon-App-40x40@2x.png in Resources */ = {isa = PBXBuildFile; fileRef = DAD5B4721F1FA6740091EB17 /* Icon-App-40x40@2x.png */; };
		DAD5B4991F1FA6750091EB17 /* Icon-App-40x40@3x.png in Resources */ = {isa = PBXBuildFile; fileRef = DAD5B4731F1FA6740091EB17 /* Icon-App-40x40@3x.png */; };
		DAD5B49A1F1FA6750091EB17 /* Icon-App-57x57@1x.png in Resources */ = {isa = PBXBuildFile; fileRef = DAD5B4741F1FA6740091EB17 /* Icon-App-57x57@1x.png */; };
		DAD5B49B1F1FA6750091EB17 /* Icon-App-57x57@2x.png in Resources */ = {isa = PBXBuildFile; fileRef = DAD5B4751F1FA6750091EB17 /* Icon-App-57x57@2x.png */; };
		DAD5B49C1F1FA6750091EB17 /* Icon-App-60x60@1x.png in Resources */ = {isa = PBXBuildFile; fileRef = DAD5B4761F1FA6750091EB17 /* Icon-App-60x60@1x.png */; };
		DAD5B49D1F1FA6750091EB17 /* Icon-App-60x60@2x.png in Resources */ = {isa = PBXBuildFile; fileRef = DAD5B4771F1FA6750091EB17 /* Icon-App-60x60@2x.png */; };
		DAD5B49E1F1FA6750091EB17 /* Icon-App-60x60@3x.png in Resources */ = {isa = PBXBuildFile; fileRef = DAD5B4781F1FA6750091EB17 /* Icon-App-60x60@3x.png */; };
		DAD5B49F1F1FA6750091EB17 /* Icon-App-72x72@1x.png in Resources */ = {isa = PBXBuildFile; fileRef = DAD5B4791F1FA6750091EB17 /* Icon-App-72x72@1x.png */; };
		DAD5B4A01F1FA6750091EB17 /* Icon-App-72x72@2x.png in Resources */ = {isa = PBXBuildFile; fileRef = DAD5B47A1F1FA6750091EB17 /* Icon-App-72x72@2x.png */; };
		DAD5B4A11F1FA6750091EB17 /* Icon-App-76x76@1x.png in Resources */ = {isa = PBXBuildFile; fileRef = DAD5B47B1F1FA6750091EB17 /* Icon-App-76x76@1x.png */; };
		DAD5B4A21F1FA6750091EB17 /* Icon-App-76x76@2x.png in Resources */ = {isa = PBXBuildFile; fileRef = DAD5B47C1F1FA6750091EB17 /* Icon-App-76x76@2x.png */; };
		DAD5B4A31F1FA6750091EB17 /* Icon-App-76x76@3x.png in Resources */ = {isa = PBXBuildFile; fileRef = DAD5B47D1F1FA6750091EB17 /* Icon-App-76x76@3x.png */; };
		DAD5B4A41F1FA6750091EB17 /* Icon-App-83.5x83.5@2x.png in Resources */ = {isa = PBXBuildFile; fileRef = DAD5B47E1F1FA6750091EB17 /* Icon-App-83.5x83.5@2x.png */; };
		DAD5B4A51F1FA6750091EB17 /* Icon-Small-50x50@1x.png in Resources */ = {isa = PBXBuildFile; fileRef = DAD5B47F1F1FA6750091EB17 /* Icon-Small-50x50@1x.png */; };
		DAD5B4A61F1FA6750091EB17 /* Icon-Small-50x50@2x.png in Resources */ = {isa = PBXBuildFile; fileRef = DAD5B4801F1FA6750091EB17 /* Icon-Small-50x50@2x.png */; };
		DAD5B4A71F1FA6750091EB17 /* iTunesArtwork@1x.png in Resources */ = {isa = PBXBuildFile; fileRef = DAD5B4811F1FA6750091EB17 /* iTunesArtwork@1x.png */; };
		DAD5B4A81F1FA6750091EB17 /* iTunesArtwork@2x.png in Resources */ = {isa = PBXBuildFile; fileRef = DAD5B4821F1FA6750091EB17 /* iTunesArtwork@2x.png */; };
		DAD5B4A91F1FA6750091EB17 /* iTunesArtwork@3x.png in Resources */ = {isa = PBXBuildFile; fileRef = DAD5B4831F1FA6750091EB17 /* iTunesArtwork@3x.png */; };
		DAD5B4AC1F1FA6750091EB17 /* Icon-24@2x.png in Resources */ = {isa = PBXBuildFile; fileRef = DAD5B4881F1FA6750091EB17 /* Icon-24@2x.png */; };
		DAD5B4AD1F1FA6750091EB17 /* Icon-27.5@2x.png in Resources */ = {isa = PBXBuildFile; fileRef = DAD5B4891F1FA6750091EB17 /* Icon-27.5@2x.png */; };
		DAD5B4AE1F1FA6750091EB17 /* Icon-29@2x.png in Resources */ = {isa = PBXBuildFile; fileRef = DAD5B48A1F1FA6750091EB17 /* Icon-29@2x.png */; };
		DAD5B4AF1F1FA6750091EB17 /* Icon-29@3x.png in Resources */ = {isa = PBXBuildFile; fileRef = DAD5B48B1F1FA6750091EB17 /* Icon-29@3x.png */; };
		DAD5B4B01F1FA6750091EB17 /* Icon-40@2x.png in Resources */ = {isa = PBXBuildFile; fileRef = DAD5B48C1F1FA6750091EB17 /* Icon-40@2x.png */; };
		DAD5B4B11F1FA6750091EB17 /* Icon-44@2x.png in Resources */ = {isa = PBXBuildFile; fileRef = DAD5B48D1F1FA6750091EB17 /* Icon-44@2x.png */; };
		DAD5B4B21F1FA6750091EB17 /* Icon-86@2x.png in Resources */ = {isa = PBXBuildFile; fileRef = DAD5B48E1F1FA6750091EB17 /* Icon-86@2x.png */; };
		DAD5B4B31F1FA6750091EB17 /* Icon-98@2x.png in Resources */ = {isa = PBXBuildFile; fileRef = DAD5B48F1F1FA6750091EB17 /* Icon-98@2x.png */; };
		DAD5B4C71F1FAD340091EB17 /* Beer_Selected.png in Resources */ = {isa = PBXBuildFile; fileRef = DAD5B4C11F1FAD340091EB17 /* Beer_Selected.png */; };
		DAD5B4C81F1FAD340091EB17 /* Beer.png in Resources */ = {isa = PBXBuildFile; fileRef = DAD5B4C21F1FAD340091EB17 /* Beer.png */; };
		DAD5B4C91F1FAD340091EB17 /* Map_Selected.png in Resources */ = {isa = PBXBuildFile; fileRef = DAD5B4C31F1FAD340091EB17 /* Map_Selected.png */; };
		DAD5B4CA1F1FAD340091EB17 /* Map.png in Resources */ = {isa = PBXBuildFile; fileRef = DAD5B4C41F1FAD340091EB17 /* Map.png */; };
		DAD5B4CB1F1FAD340091EB17 /* Settings_Selected.png in Resources */ = {isa = PBXBuildFile; fileRef = DAD5B4C51F1FAD340091EB17 /* Settings_Selected.png */; };
		DAD5B4CC1F1FAD340091EB17 /* Settings.png in Resources */ = {isa = PBXBuildFile; fileRef = DAD5B4C61F1FAD340091EB17 /* Settings.png */; };
		DAE7726F1F1397C900B32B89 /* AppDelegate.swift in Sources */ = {isa = PBXBuildFile; fileRef = DAE7726E1F1397C900B32B89 /* AppDelegate.swift */; };
		DAE772761F1397CA00B32B89 /* Main.storyboard in Resources */ = {isa = PBXBuildFile; fileRef = DAE772741F1397CA00B32B89 /* Main.storyboard */; };
		DAE772781F1397CA00B32B89 /* Assets.xcassets in Resources */ = {isa = PBXBuildFile; fileRef = DAE772771F1397CA00B32B89 /* Assets.xcassets */; };
		DAE7727B1F1397CA00B32B89 /* LaunchScreen.storyboard in Resources */ = {isa = PBXBuildFile; fileRef = DAE772791F1397CA00B32B89 /* LaunchScreen.storyboard */; };
		DAE772861F1397CA00B32B89 /* ZybooTests.swift in Sources */ = {isa = PBXBuildFile; fileRef = DAE772851F1397CA00B32B89 /* ZybooTests.swift */; };
		DAE772911F1397CA00B32B89 /* ZybooUITests.swift in Sources */ = {isa = PBXBuildFile; fileRef = DAE772901F1397CA00B32B89 /* ZybooUITests.swift */; };
		DAEDC6EA1F2EC486001DC139 /* CoreData.framework in Frameworks */ = {isa = PBXBuildFile; fileRef = DA540F2D1F2EC438003115BA /* CoreData.framework */; };
		DAEDC6EE1F2EC618001DC139 /* ZybooCoreData.xcdatamodeld in Sources */ = {isa = PBXBuildFile; fileRef = DAEDC6EC1F2EC618001DC139 /* ZybooCoreData.xcdatamodeld */; };
/* End PBXBuildFile section */

/* Begin PBXContainerItemProxy section */
		DAE772821F1397CA00B32B89 /* PBXContainerItemProxy */ = {
			isa = PBXContainerItemProxy;
			containerPortal = DAE772631F1397C800B32B89 /* Project object */;
			proxyType = 1;
			remoteGlobalIDString = DAE7726A1F1397C800B32B89;
			remoteInfo = Zyboo;
		};
		DAE7728D1F1397CA00B32B89 /* PBXContainerItemProxy */ = {
			isa = PBXContainerItemProxy;
			containerPortal = DAE772631F1397C800B32B89 /* Project object */;
			proxyType = 1;
			remoteGlobalIDString = DAE7726A1F1397C800B32B89;
			remoteInfo = Zyboo;
		};
/* End PBXContainerItemProxy section */

/* Begin PBXFileReference section */
		DA04EA1C1F316AB50051B04E /* SessionViewController.swift */ = {isa = PBXFileReference; fileEncoding = 4; lastKnownFileType = sourcecode.swift; path = SessionViewController.swift; sourceTree = "<group>"; };
		DA33F21C1F178A2300F8882B /* TrackerSessionTableViewController.swift */ = {isa = PBXFileReference; fileEncoding = 4; lastKnownFileType = sourcecode.swift; path = TrackerSessionTableViewController.swift; sourceTree = "<group>"; };
		DA33F2201F178AA300F8882B /* TrackerNavViewController.swift */ = {isa = PBXFileReference; fileEncoding = 4; lastKnownFileType = sourcecode.swift; path = TrackerNavViewController.swift; sourceTree = "<group>"; };
		DA33F2261F1793EF00F8882B /* SessionDetailTableViewController.swift */ = {isa = PBXFileReference; fileEncoding = 4; lastKnownFileType = sourcecode.swift; path = SessionDetailTableViewController.swift; sourceTree = "<group>"; };
		DA540F2D1F2EC438003115BA /* CoreData.framework */ = {isa = PBXFileReference; lastKnownFileType = wrapper.framework; name = CoreData.framework; path = System/Library/Frameworks/CoreData.framework; sourceTree = SDKROOT; };
		DAA564061F5693160044434D /* SessionItemViewController.swift */ = {isa = PBXFileReference; fileEncoding = 4; lastKnownFileType = sourcecode.swift; path = SessionItemViewController.swift; sourceTree = "<group>"; };
		DAAC89C61F98599F0018FA1D /* CalculationFunctions.swift */ = {isa = PBXFileReference; lastKnownFileType = sourcecode.swift; path = CalculationFunctions.swift; sourceTree = "<group>"; };
		DAB1CDD91F1E282300E94DE0 /* passZybooDataBack.swift */ = {isa = PBXFileReference; fileEncoding = 4; lastKnownFileType = sourcecode.swift; path = passZybooDataBack.swift; sourceTree = "<group>"; };
		DAD4E6ED1F92355100EE89E2 /* ZybooItemObj+CoreDataClass.swift */ = {isa = PBXFileReference; fileEncoding = 4; lastKnownFileType = sourcecode.swift; path = "ZybooItemObj+CoreDataClass.swift"; sourceTree = "<group>"; };
		DAD4E6EE1F92355100EE89E2 /* ZybooItemObj+CoreDataProperties.swift */ = {isa = PBXFileReference; fileEncoding = 4; lastKnownFileType = sourcecode.swift; path = "ZybooItemObj+CoreDataProperties.swift"; sourceTree = "<group>"; };
		DAD4E6EF1F92355100EE89E2 /* SessionObj+CoreDataClass.swift */ = {isa = PBXFileReference; fileEncoding = 4; lastKnownFileType = sourcecode.swift; path = "SessionObj+CoreDataClass.swift"; sourceTree = "<group>"; };
		DAD4E6F01F92355100EE89E2 /* SessionObj+CoreDataProperties.swift */ = {isa = PBXFileReference; fileEncoding = 4; lastKnownFileType = sourcecode.swift; path = "SessionObj+CoreDataProperties.swift"; sourceTree = "<group>"; };
		DAD512191F90BF2D00749DAB /* ZybooItemTableViewCell.swift */ = {isa = PBXFileReference; fileEncoding = 4; lastKnownFileType = sourcecode.swift; path = ZybooItemTableViewCell.swift; sourceTree = "<group>"; };
		DAD5B4581F1F9EED0091EB17 /* HappyHourNavViewController.swift */ = {isa = PBXFileReference; fileEncoding = 4; lastKnownFileType = sourcecode.swift; path = HappyHourNavViewController.swift; sourceTree = "<group>"; };
		DAD5B45A1F1F9F280091EB17 /* HappyHourMapViewController.swift */ = {isa = PBXFileReference; fileEncoding = 4; lastKnownFileType = sourcecode.swift; path = HappyHourMapViewController.swift; sourceTree = "<group>"; };
		DAD5B45C1F1FA0920091EB17 /* SettingsNavViewController.swift */ = {isa = PBXFileReference; fileEncoding = 4; lastKnownFileType = sourcecode.swift; path = SettingsNavViewController.swift; sourceTree = "<group>"; };
		DAD5B45E1F1FA0B10091EB17 /* SettingsTableViewController.swift */ = {isa = PBXFileReference; fileEncoding = 4; lastKnownFileType = sourcecode.swift; path = SettingsTableViewController.swift; sourceTree = "<group>"; };
		DAD5B46B1F1FA6740091EB17 /* Icon-App-20x20@1x.png */ = {isa = PBXFileReference; lastKnownFileType = image.png; path = "Icon-App-20x20@1x.png"; sourceTree = "<group>"; };
		DAD5B46C1F1FA6740091EB17 /* Icon-App-20x20@2x.png */ = {isa = PBXFileReference; lastKnownFileType = image.png; path = "Icon-App-20x20@2x.png"; sourceTree = "<group>"; };
		DAD5B46D1F1FA6740091EB17 /* Icon-App-20x20@3x.png */ = {isa = PBXFileReference; lastKnownFileType = image.png; path = "Icon-App-20x20@3x.png"; sourceTree = "<group>"; };
		DAD5B46E1F1FA6740091EB17 /* Icon-App-29x29@1x.png */ = {isa = PBXFileReference; lastKnownFileType = image.png; path = "Icon-App-29x29@1x.png"; sourceTree = "<group>"; };
		DAD5B46F1F1FA6740091EB17 /* Icon-App-29x29@2x.png */ = {isa = PBXFileReference; lastKnownFileType = image.png; path = "Icon-App-29x29@2x.png"; sourceTree = "<group>"; };
		DAD5B4701F1FA6740091EB17 /* Icon-App-29x29@3x.png */ = {isa = PBXFileReference; lastKnownFileType = image.png; path = "Icon-App-29x29@3x.png"; sourceTree = "<group>"; };
		DAD5B4711F1FA6740091EB17 /* Icon-App-40x40@1x.png */ = {isa = PBXFileReference; lastKnownFileType = image.png; path = "Icon-App-40x40@1x.png"; sourceTree = "<group>"; };
		DAD5B4721F1FA6740091EB17 /* Icon-App-40x40@2x.png */ = {isa = PBXFileReference; lastKnownFileType = image.png; path = "Icon-App-40x40@2x.png"; sourceTree = "<group>"; };
		DAD5B4731F1FA6740091EB17 /* Icon-App-40x40@3x.png */ = {isa = PBXFileReference; lastKnownFileType = image.png; path = "Icon-App-40x40@3x.png"; sourceTree = "<group>"; };
		DAD5B4741F1FA6740091EB17 /* Icon-App-57x57@1x.png */ = {isa = PBXFileReference; lastKnownFileType = image.png; path = "Icon-App-57x57@1x.png"; sourceTree = "<group>"; };
		DAD5B4751F1FA6750091EB17 /* Icon-App-57x57@2x.png */ = {isa = PBXFileReference; lastKnownFileType = image.png; path = "Icon-App-57x57@2x.png"; sourceTree = "<group>"; };
		DAD5B4761F1FA6750091EB17 /* Icon-App-60x60@1x.png */ = {isa = PBXFileReference; lastKnownFileType = image.png; path = "Icon-App-60x60@1x.png"; sourceTree = "<group>"; };
		DAD5B4771F1FA6750091EB17 /* Icon-App-60x60@2x.png */ = {isa = PBXFileReference; lastKnownFileType = image.png; path = "Icon-App-60x60@2x.png"; sourceTree = "<group>"; };
		DAD5B4781F1FA6750091EB17 /* Icon-App-60x60@3x.png */ = {isa = PBXFileReference; lastKnownFileType = image.png; path = "Icon-App-60x60@3x.png"; sourceTree = "<group>"; };
		DAD5B4791F1FA6750091EB17 /* Icon-App-72x72@1x.png */ = {isa = PBXFileReference; lastKnownFileType = image.png; path = "Icon-App-72x72@1x.png"; sourceTree = "<group>"; };
		DAD5B47A1F1FA6750091EB17 /* Icon-App-72x72@2x.png */ = {isa = PBXFileReference; lastKnownFileType = image.png; path = "Icon-App-72x72@2x.png"; sourceTree = "<group>"; };
		DAD5B47B1F1FA6750091EB17 /* Icon-App-76x76@1x.png */ = {isa = PBXFileReference; lastKnownFileType = image.png; path = "Icon-App-76x76@1x.png"; sourceTree = "<group>"; };
		DAD5B47C1F1FA6750091EB17 /* Icon-App-76x76@2x.png */ = {isa = PBXFileReference; lastKnownFileType = image.png; path = "Icon-App-76x76@2x.png"; sourceTree = "<group>"; };
		DAD5B47D1F1FA6750091EB17 /* Icon-App-76x76@3x.png */ = {isa = PBXFileReference; lastKnownFileType = image.png; path = "Icon-App-76x76@3x.png"; sourceTree = "<group>"; };
		DAD5B47E1F1FA6750091EB17 /* Icon-App-83.5x83.5@2x.png */ = {isa = PBXFileReference; lastKnownFileType = image.png; path = "Icon-App-83.5x83.5@2x.png"; sourceTree = "<group>"; };
		DAD5B47F1F1FA6750091EB17 /* Icon-Small-50x50@1x.png */ = {isa = PBXFileReference; lastKnownFileType = image.png; path = "Icon-Small-50x50@1x.png"; sourceTree = "<group>"; };
		DAD5B4801F1FA6750091EB17 /* Icon-Small-50x50@2x.png */ = {isa = PBXFileReference; lastKnownFileType = image.png; path = "Icon-Small-50x50@2x.png"; sourceTree = "<group>"; };
		DAD5B4811F1FA6750091EB17 /* iTunesArtwork@1x.png */ = {isa = PBXFileReference; lastKnownFileType = image.png; path = "iTunesArtwork@1x.png"; sourceTree = "<group>"; };
		DAD5B4821F1FA6750091EB17 /* iTunesArtwork@2x.png */ = {isa = PBXFileReference; lastKnownFileType = image.png; path = "iTunesArtwork@2x.png"; sourceTree = "<group>"; };
		DAD5B4831F1FA6750091EB17 /* iTunesArtwork@3x.png */ = {isa = PBXFileReference; lastKnownFileType = image.png; path = "iTunesArtwork@3x.png"; sourceTree = "<group>"; };
		DAD5B4881F1FA6750091EB17 /* Icon-24@2x.png */ = {isa = PBXFileReference; lastKnownFileType = image.png; path = "Icon-24@2x.png"; sourceTree = "<group>"; };
		DAD5B4891F1FA6750091EB17 /* Icon-27.5@2x.png */ = {isa = PBXFileReference; lastKnownFileType = image.png; path = "Icon-27.5@2x.png"; sourceTree = "<group>"; };
		DAD5B48A1F1FA6750091EB17 /* Icon-29@2x.png */ = {isa = PBXFileReference; lastKnownFileType = image.png; path = "Icon-29@2x.png"; sourceTree = "<group>"; };
		DAD5B48B1F1FA6750091EB17 /* Icon-29@3x.png */ = {isa = PBXFileReference; lastKnownFileType = image.png; path = "Icon-29@3x.png"; sourceTree = "<group>"; };
		DAD5B48C1F1FA6750091EB17 /* Icon-40@2x.png */ = {isa = PBXFileReference; lastKnownFileType = image.png; path = "Icon-40@2x.png"; sourceTree = "<group>"; };
		DAD5B48D1F1FA6750091EB17 /* Icon-44@2x.png */ = {isa = PBXFileReference; lastKnownFileType = image.png; path = "Icon-44@2x.png"; sourceTree = "<group>"; };
		DAD5B48E1F1FA6750091EB17 /* Icon-86@2x.png */ = {isa = PBXFileReference; lastKnownFileType = image.png; path = "Icon-86@2x.png"; sourceTree = "<group>"; };
		DAD5B48F1F1FA6750091EB17 /* Icon-98@2x.png */ = {isa = PBXFileReference; lastKnownFileType = image.png; path = "Icon-98@2x.png"; sourceTree = "<group>"; };
		DAD5B4C11F1FAD340091EB17 /* Beer_Selected.png */ = {isa = PBXFileReference; lastKnownFileType = image.png; path = Beer_Selected.png; sourceTree = "<group>"; };
		DAD5B4C21F1FAD340091EB17 /* Beer.png */ = {isa = PBXFileReference; lastKnownFileType = image.png; path = Beer.png; sourceTree = "<group>"; };
		DAD5B4C31F1FAD340091EB17 /* Map_Selected.png */ = {isa = PBXFileReference; lastKnownFileType = image.png; path = Map_Selected.png; sourceTree = "<group>"; };
		DAD5B4C41F1FAD340091EB17 /* Map.png */ = {isa = PBXFileReference; lastKnownFileType = image.png; path = Map.png; sourceTree = "<group>"; };
		DAD5B4C51F1FAD340091EB17 /* Settings_Selected.png */ = {isa = PBXFileReference; lastKnownFileType = image.png; path = Settings_Selected.png; sourceTree = "<group>"; };
		DAD5B4C61F1FAD340091EB17 /* Settings.png */ = {isa = PBXFileReference; lastKnownFileType = image.png; path = Settings.png; sourceTree = "<group>"; };
		DAE7726B1F1397C900B32B89 /* Zyboo.app */ = {isa = PBXFileReference; explicitFileType = wrapper.application; includeInIndex = 0; path = Zyboo.app; sourceTree = BUILT_PRODUCTS_DIR; };
		DAE7726E1F1397C900B32B89 /* AppDelegate.swift */ = {isa = PBXFileReference; lastKnownFileType = sourcecode.swift; path = AppDelegate.swift; sourceTree = "<group>"; };
		DAE772751F1397CA00B32B89 /* Base */ = {isa = PBXFileReference; lastKnownFileType = file.storyboard; name = Base; path = Base.lproj/Main.storyboard; sourceTree = "<group>"; };
		DAE772771F1397CA00B32B89 /* Assets.xcassets */ = {isa = PBXFileReference; lastKnownFileType = folder.assetcatalog; path = Assets.xcassets; sourceTree = "<group>"; };
		DAE7727A1F1397CA00B32B89 /* Base */ = {isa = PBXFileReference; lastKnownFileType = file.storyboard; name = Base; path = Base.lproj/LaunchScreen.storyboard; sourceTree = "<group>"; };
		DAE7727C1F1397CA00B32B89 /* Info.plist */ = {isa = PBXFileReference; lastKnownFileType = text.plist.xml; path = Info.plist; sourceTree = "<group>"; };
		DAE772811F1397CA00B32B89 /* ZybooTests.xctest */ = {isa = PBXFileReference; explicitFileType = wrapper.cfbundle; includeInIndex = 0; path = ZybooTests.xctest; sourceTree = BUILT_PRODUCTS_DIR; };
		DAE772851F1397CA00B32B89 /* ZybooTests.swift */ = {isa = PBXFileReference; lastKnownFileType = sourcecode.swift; path = ZybooTests.swift; sourceTree = "<group>"; };
		DAE772871F1397CA00B32B89 /* Info.plist */ = {isa = PBXFileReference; lastKnownFileType = text.plist.xml; path = Info.plist; sourceTree = "<group>"; };
		DAE7728C1F1397CA00B32B89 /* ZybooUITests.xctest */ = {isa = PBXFileReference; explicitFileType = wrapper.cfbundle; includeInIndex = 0; path = ZybooUITests.xctest; sourceTree = BUILT_PRODUCTS_DIR; };
		DAE772901F1397CA00B32B89 /* ZybooUITests.swift */ = {isa = PBXFileReference; lastKnownFileType = sourcecode.swift; path = ZybooUITests.swift; sourceTree = "<group>"; };
		DAE772921F1397CA00B32B89 /* Info.plist */ = {isa = PBXFileReference; lastKnownFileType = text.plist.xml; path = Info.plist; sourceTree = "<group>"; };
		DAEDC6ED1F2EC618001DC139 /* ZybooCoreData.xcdatamodel */ = {isa = PBXFileReference; lastKnownFileType = wrapper.xcdatamodel; path = ZybooCoreData.xcdatamodel; sourceTree = "<group>"; };
/* End PBXFileReference section */

/* Begin PBXFrameworksBuildPhase section */
		DAE772681F1397C800B32B89 /* Frameworks */ = {
			isa = PBXFrameworksBuildPhase;
			buildActionMask = 2147483647;
			files = (
				DAEDC6EA1F2EC486001DC139 /* CoreData.framework in Frameworks */,
			);
			runOnlyForDeploymentPostprocessing = 0;
		};
		DAE7727E1F1397CA00B32B89 /* Frameworks */ = {
			isa = PBXFrameworksBuildPhase;
			buildActionMask = 2147483647;
			files = (
			);
			runOnlyForDeploymentPostprocessing = 0;
		};
		DAE772891F1397CA00B32B89 /* Frameworks */ = {
			isa = PBXFrameworksBuildPhase;
			buildActionMask = 2147483647;
			files = (
			);
			runOnlyForDeploymentPostprocessing = 0;
		};
/* End PBXFrameworksBuildPhase section */

/* Begin PBXGroup section */
		DA33F2181F17893B00F8882B /* Classes */ = {
			isa = PBXGroup;
			children = (
				DAD512191F90BF2D00749DAB /* ZybooItemTableViewCell.swift */,
				DAAC89C61F98599F0018FA1D /* CalculationFunctions.swift */,
			);
			name = Classes;
			sourceTree = "<group>";
		};
		DA33F2191F17894400F8882B /* Protocols */ = {
			isa = PBXGroup;
			children = (
				DAB1CDD91F1E282300E94DE0 /* passZybooDataBack.swift */,
			);
			name = Protocols;
			sourceTree = "<group>";
		};
		DA540F2C1F2EC438003115BA /* Frameworks */ = {
			isa = PBXGroup;
			children = (
				DA540F2D1F2EC438003115BA /* CoreData.framework */,
			);
			name = Frameworks;
			sourceTree = "<group>";
		};
		DAD4E6EC1F9234F200EE89E2 /* CoreDataObjects */ = {
			isa = PBXGroup;
			children = (
				DAD4E6ED1F92355100EE89E2 /* ZybooItemObj+CoreDataClass.swift */,
				DAD4E6EE1F92355100EE89E2 /* ZybooItemObj+CoreDataProperties.swift */,
				DAD4E6EF1F92355100EE89E2 /* SessionObj+CoreDataClass.swift */,
				DAD4E6F01F92355100EE89E2 /* SessionObj+CoreDataProperties.swift */,
			);
			name = CoreDataObjects;
			sourceTree = "<group>";
		};
		DAD5B4601F1FA0FB0091EB17 /* Images */ = {
			isa = PBXGroup;
			children = (
				DAD5B4B41F1FAB4E0091EB17 /* Icons */,
				DAD5B4671F1FA6740091EB17 /* ZybooImages */,
			);
			name = Images;
			sourceTree = "<group>";
		};
		DAD5B4671F1FA6740091EB17 /* ZybooImages */ = {
			isa = PBXGroup;
			children = (
				DAD5B4681F1FA6740091EB17 /* ios */,
				DAD5B4851F1FA6750091EB17 /* watchkit */,
			);
			path = ZybooImages;
			sourceTree = "<group>";
		};
		DAD5B4681F1FA6740091EB17 /* ios */ = {
			isa = PBXGroup;
			children = (
				DAD5B4691F1FA6740091EB17 /* AppIcon.appiconset */,
				DAD5B4811F1FA6750091EB17 /* iTunesArtwork@1x.png */,
				DAD5B4821F1FA6750091EB17 /* iTunesArtwork@2x.png */,
				DAD5B4831F1FA6750091EB17 /* iTunesArtwork@3x.png */,
			);
			path = ios;
			sourceTree = "<group>";
		};
		DAD5B4691F1FA6740091EB17 /* AppIcon.appiconset */ = {
			isa = PBXGroup;
			children = (
				DAD5B46B1F1FA6740091EB17 /* Icon-App-20x20@1x.png */,
				DAD5B46C1F1FA6740091EB17 /* Icon-App-20x20@2x.png */,
				DAD5B46D1F1FA6740091EB17 /* Icon-App-20x20@3x.png */,
				DAD5B46E1F1FA6740091EB17 /* Icon-App-29x29@1x.png */,
				DAD5B46F1F1FA6740091EB17 /* Icon-App-29x29@2x.png */,
				DAD5B4701F1FA6740091EB17 /* Icon-App-29x29@3x.png */,
				DAD5B4711F1FA6740091EB17 /* Icon-App-40x40@1x.png */,
				DAD5B4721F1FA6740091EB17 /* Icon-App-40x40@2x.png */,
				DAD5B4731F1FA6740091EB17 /* Icon-App-40x40@3x.png */,
				DAD5B4741F1FA6740091EB17 /* Icon-App-57x57@1x.png */,
				DAD5B4751F1FA6750091EB17 /* Icon-App-57x57@2x.png */,
				DAD5B4761F1FA6750091EB17 /* Icon-App-60x60@1x.png */,
				DAD5B4771F1FA6750091EB17 /* Icon-App-60x60@2x.png */,
				DAD5B4781F1FA6750091EB17 /* Icon-App-60x60@3x.png */,
				DAD5B4791F1FA6750091EB17 /* Icon-App-72x72@1x.png */,
				DAD5B47A1F1FA6750091EB17 /* Icon-App-72x72@2x.png */,
				DAD5B47B1F1FA6750091EB17 /* Icon-App-76x76@1x.png */,
				DAD5B47C1F1FA6750091EB17 /* Icon-App-76x76@2x.png */,
				DAD5B47D1F1FA6750091EB17 /* Icon-App-76x76@3x.png */,
				DAD5B47E1F1FA6750091EB17 /* Icon-App-83.5x83.5@2x.png */,
				DAD5B47F1F1FA6750091EB17 /* Icon-Small-50x50@1x.png */,
				DAD5B4801F1FA6750091EB17 /* Icon-Small-50x50@2x.png */,
			);
			path = AppIcon.appiconset;
			sourceTree = "<group>";
		};
		DAD5B4851F1FA6750091EB17 /* watchkit */ = {
			isa = PBXGroup;
			children = (
				DAD5B4861F1FA6750091EB17 /* AppIcon.appiconset */,
			);
			path = watchkit;
			sourceTree = "<group>";
		};
		DAD5B4861F1FA6750091EB17 /* AppIcon.appiconset */ = {
			isa = PBXGroup;
			children = (
				DAD5B4881F1FA6750091EB17 /* Icon-24@2x.png */,
				DAD5B4891F1FA6750091EB17 /* Icon-27.5@2x.png */,
				DAD5B48A1F1FA6750091EB17 /* Icon-29@2x.png */,
				DAD5B48B1F1FA6750091EB17 /* Icon-29@3x.png */,
				DAD5B48C1F1FA6750091EB17 /* Icon-40@2x.png */,
				DAD5B48D1F1FA6750091EB17 /* Icon-44@2x.png */,
				DAD5B48E1F1FA6750091EB17 /* Icon-86@2x.png */,
				DAD5B48F1F1FA6750091EB17 /* Icon-98@2x.png */,
			);
			path = AppIcon.appiconset;
			sourceTree = "<group>";
		};
		DAD5B4B41F1FAB4E0091EB17 /* Icons */ = {
			isa = PBXGroup;
			children = (
				DAD5B4C11F1FAD340091EB17 /* Beer_Selected.png */,
				DAD5B4C21F1FAD340091EB17 /* Beer.png */,
				DAD5B4C31F1FAD340091EB17 /* Map_Selected.png */,
				DAD5B4C41F1FAD340091EB17 /* Map.png */,
				DAD5B4C51F1FAD340091EB17 /* Settings_Selected.png */,
				DAD5B4C61F1FAD340091EB17 /* Settings.png */,
			);
			name = Icons;
			sourceTree = "<group>";
		};
		DAE772621F1397C800B32B89 = {
			isa = PBXGroup;
			children = (
				DAE7726D1F1397C900B32B89 /* Zyboo */,
				DAE772841F1397CA00B32B89 /* ZybooTests */,
				DAE7728F1F1397CA00B32B89 /* ZybooUITests */,
				DAE7726C1F1397C900B32B89 /* Products */,
				DA540F2C1F2EC438003115BA /* Frameworks */,
			);
			sourceTree = "<group>";
		};
		DAE7726C1F1397C900B32B89 /* Products */ = {
			isa = PBXGroup;
			children = (
				DAE7726B1F1397C900B32B89 /* Zyboo.app */,
				DAE772811F1397CA00B32B89 /* ZybooTests.xctest */,
				DAE7728C1F1397CA00B32B89 /* ZybooUITests.xctest */,
			);
			name = Products;
			sourceTree = "<group>";
		};
		DAE7726D1F1397C900B32B89 /* Zyboo */ = {
			isa = PBXGroup;
			children = (
				DAD4E6EC1F9234F200EE89E2 /* CoreDataObjects */,
				DAEDC6EB1F2EC5AF001DC139 /* CoreData */,
				DAD5B4601F1FA0FB0091EB17 /* Images */,
				DA33F2191F17894400F8882B /* Protocols */,
				DA33F2181F17893B00F8882B /* Classes */,
				DAE7726E1F1397C900B32B89 /* AppDelegate.swift */,
				DAE772741F1397CA00B32B89 /* Main.storyboard */,
				DAE772771F1397CA00B32B89 /* Assets.xcassets */,
				DAE772791F1397CA00B32B89 /* LaunchScreen.storyboard */,
				DAE7727C1F1397CA00B32B89 /* Info.plist */,
				DA33F21C1F178A2300F8882B /* TrackerSessionTableViewController.swift */,
				DA33F2201F178AA300F8882B /* TrackerNavViewController.swift */,
				DA33F2261F1793EF00F8882B /* SessionDetailTableViewController.swift */,
				DAD5B4581F1F9EED0091EB17 /* HappyHourNavViewController.swift */,
				DAD5B45A1F1F9F280091EB17 /* HappyHourMapViewController.swift */,
				DAD5B45C1F1FA0920091EB17 /* SettingsNavViewController.swift */,
				DAD5B45E1F1FA0B10091EB17 /* SettingsTableViewController.swift */,
				DA04EA1C1F316AB50051B04E /* SessionViewController.swift */,
				DAA564061F5693160044434D /* SessionItemViewController.swift */,
			);
			path = Zyboo;
			sourceTree = "<group>";
		};
		DAE772841F1397CA00B32B89 /* ZybooTests */ = {
			isa = PBXGroup;
			children = (
				DAE772851F1397CA00B32B89 /* ZybooTests.swift */,
				DAE772871F1397CA00B32B89 /* Info.plist */,
			);
			path = ZybooTests;
			sourceTree = "<group>";
		};
		DAE7728F1F1397CA00B32B89 /* ZybooUITests */ = {
			isa = PBXGroup;
			children = (
				DAE772901F1397CA00B32B89 /* ZybooUITests.swift */,
				DAE772921F1397CA00B32B89 /* Info.plist */,
			);
			path = ZybooUITests;
			sourceTree = "<group>";
		};
		DAEDC6EB1F2EC5AF001DC139 /* CoreData */ = {
			isa = PBXGroup;
			children = (
				DAEDC6EC1F2EC618001DC139 /* ZybooCoreData.xcdatamodeld */,
			);
			name = CoreData;
			sourceTree = "<group>";
		};
/* End PBXGroup section */

/* Begin PBXNativeTarget section */
		DAE7726A1F1397C800B32B89 /* Zyboo */ = {
			isa = PBXNativeTarget;
			buildConfigurationList = DAE772951F1397CA00B32B89 /* Build configuration list for PBXNativeTarget "Zyboo" */;
			buildPhases = (
				DAE772671F1397C800B32B89 /* Sources */,
				DAE772681F1397C800B32B89 /* Frameworks */,
				DAE772691F1397C800B32B89 /* Resources */,
			);
			buildRules = (
			);
			dependencies = (
			);
			name = Zyboo;
			productName = Zyboo;
			productReference = DAE7726B1F1397C900B32B89 /* Zyboo.app */;
			productType = "com.apple.product-type.application";
		};
		DAE772801F1397CA00B32B89 /* ZybooTests */ = {
			isa = PBXNativeTarget;
			buildConfigurationList = DAE772981F1397CA00B32B89 /* Build configuration list for PBXNativeTarget "ZybooTests" */;
			buildPhases = (
				DAE7727D1F1397CA00B32B89 /* Sources */,
				DAE7727E1F1397CA00B32B89 /* Frameworks */,
				DAE7727F1F1397CA00B32B89 /* Resources */,
			);
			buildRules = (
			);
			dependencies = (
				DAE772831F1397CA00B32B89 /* PBXTargetDependency */,
			);
			name = ZybooTests;
			productName = ZybooTests;
			productReference = DAE772811F1397CA00B32B89 /* ZybooTests.xctest */;
			productType = "com.apple.product-type.bundle.unit-test";
		};
		DAE7728B1F1397CA00B32B89 /* ZybooUITests */ = {
			isa = PBXNativeTarget;
			buildConfigurationList = DAE7729B1F1397CA00B32B89 /* Build configuration list for PBXNativeTarget "ZybooUITests" */;
			buildPhases = (
				DAE772881F1397CA00B32B89 /* Sources */,
				DAE772891F1397CA00B32B89 /* Frameworks */,
				DAE7728A1F1397CA00B32B89 /* Resources */,
			);
			buildRules = (
			);
			dependencies = (
				DAE7728E1F1397CA00B32B89 /* PBXTargetDependency */,
			);
			name = ZybooUITests;
			productName = ZybooUITests;
			productReference = DAE7728C1F1397CA00B32B89 /* ZybooUITests.xctest */;
			productType = "com.apple.product-type.bundle.ui-testing";
		};
/* End PBXNativeTarget section */

/* Begin PBXProject section */
		DAE772631F1397C800B32B89 /* Project object */ = {
			isa = PBXProject;
			attributes = {
				LastSwiftUpdateCheck = 0820;
				LastUpgradeCheck = 0900;
				ORGANIZATIONNAME = PlanetKGames;
				TargetAttributes = {
					DAE7726A1F1397C800B32B89 = {
						CreatedOnToolsVersion = 8.2.1;
						DevelopmentTeam = 6CGSY8527L;
						LastSwiftMigration = 0900;
						ProvisioningStyle = Automatic;
					};
					DAE772801F1397CA00B32B89 = {
						CreatedOnToolsVersion = 8.2.1;
						DevelopmentTeam = 6CGSY8527L;
						LastSwiftMigration = 0900;
						ProvisioningStyle = Automatic;
						TestTargetID = DAE7726A1F1397C800B32B89;
					};
					DAE7728B1F1397CA00B32B89 = {
						CreatedOnToolsVersion = 8.2.1;
						DevelopmentTeam = 6CGSY8527L;
						LastSwiftMigration = 0900;
						ProvisioningStyle = Automatic;
						TestTargetID = DAE7726A1F1397C800B32B89;
					};
				};
			};
			buildConfigurationList = DAE772661F1397C800B32B89 /* Build configuration list for PBXProject "Zyboo" */;
			compatibilityVersion = "Xcode 3.2";
			developmentRegion = English;
			hasScannedForEncodings = 0;
			knownRegions = (
				en,
				Base,
			);
			mainGroup = DAE772621F1397C800B32B89;
			productRefGroup = DAE7726C1F1397C900B32B89 /* Products */;
			projectDirPath = "";
			projectRoot = "";
			targets = (
				DAE7726A1F1397C800B32B89 /* Zyboo */,
				DAE772801F1397CA00B32B89 /* ZybooTests */,
				DAE7728B1F1397CA00B32B89 /* ZybooUITests */,
			);
		};
/* End PBXProject section */

/* Begin PBXResourcesBuildPhase section */
		DAE772691F1397C800B32B89 /* Resources */ = {
			isa = PBXResourcesBuildPhase;
			buildActionMask = 2147483647;
			files = (
				DAD5B4C71F1FAD340091EB17 /* Beer_Selected.png in Resources */,
				DAD5B49F1F1FA6750091EB17 /* Icon-App-72x72@1x.png in Resources */,
				DAD5B4AE1F1FA6750091EB17 /* Icon-29@2x.png in Resources */,
				DAE7727B1F1397CA00B32B89 /* LaunchScreen.storyboard in Resources */,
				DAD5B4CC1F1FAD340091EB17 /* Settings.png in Resources */,
				DAD5B4A11F1FA6750091EB17 /* Icon-App-76x76@1x.png in Resources */,
				DAD5B4B01F1FA6750091EB17 /* Icon-40@2x.png in Resources */,
				DAD5B4CA1F1FAD340091EB17 /* Map.png in Resources */,
				DAE772781F1397CA00B32B89 /* Assets.xcassets in Resources */,
				DAD5B49B1F1FA6750091EB17 /* Icon-App-57x57@2x.png in Resources */,
				DAD5B4A91F1FA6750091EB17 /* iTunesArtwork@3x.png in Resources */,
				DAD5B4C91F1FAD340091EB17 /* Map_Selected.png in Resources */,
				DAD5B4991F1FA6750091EB17 /* Icon-App-40x40@3x.png in Resources */,
				DAD5B4931F1FA6750091EB17 /* Icon-App-20x20@3x.png in Resources */,
				DAD5B49D1F1FA6750091EB17 /* Icon-App-60x60@2x.png in Resources */,
				DAD5B4AC1F1FA6750091EB17 /* Icon-24@2x.png in Resources */,
				DAD5B4941F1FA6750091EB17 /* Icon-App-29x29@1x.png in Resources */,
				DAD5B4921F1FA6750091EB17 /* Icon-App-20x20@2x.png in Resources */,
				DAD5B4971F1FA6750091EB17 /* Icon-App-40x40@1x.png in Resources */,
				DAD5B4C81F1FAD340091EB17 /* Beer.png in Resources */,
				DAD5B49E1F1FA6750091EB17 /* Icon-App-60x60@3x.png in Resources */,
				DAD5B4AD1F1FA6750091EB17 /* Icon-27.5@2x.png in Resources */,
				DAD5B4981F1FA6750091EB17 /* Icon-App-40x40@2x.png in Resources */,
				DAD5B4CB1F1FAD340091EB17 /* Settings_Selected.png in Resources */,
				DAD5B4A01F1FA6750091EB17 /* Icon-App-72x72@2x.png in Resources */,
				DAD5B49C1F1FA6750091EB17 /* Icon-App-60x60@1x.png in Resources */,
				DAD5B4A31F1FA6750091EB17 /* Icon-App-76x76@3x.png in Resources */,
				DAD5B4961F1FA6750091EB17 /* Icon-App-29x29@3x.png in Resources */,
				DAD5B4A21F1FA6750091EB17 /* Icon-App-76x76@2x.png in Resources */,
				DAD5B4A61F1FA6750091EB17 /* Icon-Small-50x50@2x.png in Resources */,
				DAE772761F1397CA00B32B89 /* Main.storyboard in Resources */,
				DAD5B4B31F1FA6750091EB17 /* Icon-98@2x.png in Resources */,
				DAD5B4A51F1FA6750091EB17 /* Icon-Small-50x50@1x.png in Resources */,
				DAD5B4911F1FA6750091EB17 /* Icon-App-20x20@1x.png in Resources */,
				DAD5B4A71F1FA6750091EB17 /* iTunesArtwork@1x.png in Resources */,
				DAD5B4B11F1FA6750091EB17 /* Icon-44@2x.png in Resources */,
				DAD5B4B21F1FA6750091EB17 /* Icon-86@2x.png in Resources */,
				DAD5B4A81F1FA6750091EB17 /* iTunesArtwork@2x.png in Resources */,
				DAD5B4AF1F1FA6750091EB17 /* Icon-29@3x.png in Resources */,
				DAD5B4951F1FA6750091EB17 /* Icon-App-29x29@2x.png in Resources */,
				DAD5B4A41F1FA6750091EB17 /* Icon-App-83.5x83.5@2x.png in Resources */,
				DAD5B49A1F1FA6750091EB17 /* Icon-App-57x57@1x.png in Resources */,
			);
			runOnlyForDeploymentPostprocessing = 0;
		};
		DAE7727F1F1397CA00B32B89 /* Resources */ = {
			isa = PBXResourcesBuildPhase;
			buildActionMask = 2147483647;
			files = (
			);
			runOnlyForDeploymentPostprocessing = 0;
		};
		DAE7728A1F1397CA00B32B89 /* Resources */ = {
			isa = PBXResourcesBuildPhase;
			buildActionMask = 2147483647;
			files = (
			);
			runOnlyForDeploymentPostprocessing = 0;
		};
/* End PBXResourcesBuildPhase section */

/* Begin PBXSourcesBuildPhase section */
		DAE772671F1397C800B32B89 /* Sources */ = {
			isa = PBXSourcesBuildPhase;
			buildActionMask = 2147483647;
			files = (
				DAD4E6F11F92355100EE89E2 /* ZybooItemObj+CoreDataClass.swift in Sources */,
				DAB1CDDA1F1E282300E94DE0 /* passZybooDataBack.swift in Sources */,
				DAEDC6EE1F2EC618001DC139 /* ZybooCoreData.xcdatamodeld in Sources */,
				DAD4E6F21F92355100EE89E2 /* ZybooItemObj+CoreDataProperties.swift in Sources */,
				DAD5B45B1F1F9F280091EB17 /* HappyHourMapViewController.swift in Sources */,
				DAD5B4591F1F9EED0091EB17 /* HappyHourNavViewController.swift in Sources */,
				DA04EA1D1F316AB50051B04E /* SessionViewController.swift in Sources */,
				DAD5121A1F90BF2D00749DAB /* ZybooItemTableViewCell.swift in Sources */,
				DAE7726F1F1397C900B32B89 /* AppDelegate.swift in Sources */,
				DAD5B45D1F1FA0920091EB17 /* SettingsNavViewController.swift in Sources */,
				DAD5B45F1F1FA0B10091EB17 /* SettingsTableViewController.swift in Sources */,
				DA33F21D1F178A2300F8882B /* TrackerSessionTableViewController.swift in Sources */,
				DAD4E6F31F92355100EE89E2 /* SessionObj+CoreDataClass.swift in Sources */,
				DAAC89C71F98599F0018FA1D /* CalculationFunctions.swift in Sources */,
				DAD4E6F41F92355100EE89E2 /* SessionObj+CoreDataProperties.swift in Sources */,
				DA33F2211F178AA300F8882B /* TrackerNavViewController.swift in Sources */,
				DA33F2271F1793EF00F8882B /* SessionDetailTableViewController.swift in Sources */,
				DAA564071F5693160044434D /* SessionItemViewController.swift in Sources */,
			);
			runOnlyForDeploymentPostprocessing = 0;
		};
		DAE7727D1F1397CA00B32B89 /* Sources */ = {
			isa = PBXSourcesBuildPhase;
			buildActionMask = 2147483647;
			files = (
				DAE772861F1397CA00B32B89 /* ZybooTests.swift in Sources */,
			);
			runOnlyForDeploymentPostprocessing = 0;
		};
		DAE772881F1397CA00B32B89 /* Sources */ = {
			isa = PBXSourcesBuildPhase;
			buildActionMask = 2147483647;
			files = (
				DAE772911F1397CA00B32B89 /* ZybooUITests.swift in Sources */,
			);
			runOnlyForDeploymentPostprocessing = 0;
		};
/* End PBXSourcesBuildPhase section */

/* Begin PBXTargetDependency section */
		DAE772831F1397CA00B32B89 /* PBXTargetDependency */ = {
			isa = PBXTargetDependency;
			target = DAE7726A1F1397C800B32B89 /* Zyboo */;
			targetProxy = DAE772821F1397CA00B32B89 /* PBXContainerItemProxy */;
		};
		DAE7728E1F1397CA00B32B89 /* PBXTargetDependency */ = {
			isa = PBXTargetDependency;
			target = DAE7726A1F1397C800B32B89 /* Zyboo */;
			targetProxy = DAE7728D1F1397CA00B32B89 /* PBXContainerItemProxy */;
		};
/* End PBXTargetDependency section */

/* Begin PBXVariantGroup section */
		DAE772741F1397CA00B32B89 /* Main.storyboard */ = {
			isa = PBXVariantGroup;
			children = (
				DAE772751F1397CA00B32B89 /* Base */,
			);
			name = Main.storyboard;
			sourceTree = "<group>";
		};
		DAE772791F1397CA00B32B89 /* LaunchScreen.storyboard */ = {
			isa = PBXVariantGroup;
			children = (
				DAE7727A1F1397CA00B32B89 /* Base */,
			);
			name = LaunchScreen.storyboard;
			sourceTree = "<group>";
		};
/* End PBXVariantGroup section */

/* Begin XCBuildConfiguration section */
		DAE772931F1397CA00B32B89 /* Debug */ = {
			isa = XCBuildConfiguration;
			buildSettings = {
				ALWAYS_SEARCH_USER_PATHS = NO;
				CLANG_ANALYZER_NONNULL = YES;
				CLANG_CXX_LANGUAGE_STANDARD = "gnu++0x";
				CLANG_CXX_LIBRARY = "libc++";
				CLANG_ENABLE_MODULES = YES;
				CLANG_ENABLE_OBJC_ARC = YES;
				CLANG_WARN_BLOCK_CAPTURE_AUTORELEASING = YES;
				CLANG_WARN_BOOL_CONVERSION = YES;
				CLANG_WARN_COMMA = YES;
				CLANG_WARN_CONSTANT_CONVERSION = YES;
				CLANG_WARN_DIRECT_OBJC_ISA_USAGE = YES_ERROR;
				CLANG_WARN_DOCUMENTATION_COMMENTS = YES;
				CLANG_WARN_EMPTY_BODY = YES;
				CLANG_WARN_ENUM_CONVERSION = YES;
				CLANG_WARN_INFINITE_RECURSION = YES;
				CLANG_WARN_INT_CONVERSION = YES;
				CLANG_WARN_NON_LITERAL_NULL_CONVERSION = YES;
				CLANG_WARN_OBJC_LITERAL_CONVERSION = YES;
				CLANG_WARN_OBJC_ROOT_CLASS = YES_ERROR;
				CLANG_WARN_RANGE_LOOP_ANALYSIS = YES;
				CLANG_WARN_STRICT_PROTOTYPES = YES;
				CLANG_WARN_SUSPICIOUS_MOVE = YES;
				CLANG_WARN_UNREACHABLE_CODE = YES;
				CLANG_WARN__DUPLICATE_METHOD_MATCH = YES;
				"CODE_SIGN_IDENTITY[sdk=iphoneos*]" = "iPhone Developer";
				COPY_PHASE_STRIP = NO;
				DEBUG_INFORMATION_FORMAT = dwarf;
				ENABLE_STRICT_OBJC_MSGSEND = YES;
				ENABLE_TESTABILITY = YES;
				GCC_C_LANGUAGE_STANDARD = gnu99;
				GCC_DYNAMIC_NO_PIC = NO;
				GCC_NO_COMMON_BLOCKS = YES;
				GCC_OPTIMIZATION_LEVEL = 0;
				GCC_PREPROCESSOR_DEFINITIONS = (
					"DEBUG=1",
					"$(inherited)",
				);
				GCC_WARN_64_TO_32_BIT_CONVERSION = YES;
				GCC_WARN_ABOUT_RETURN_TYPE = YES_ERROR;
				GCC_WARN_UNDECLARED_SELECTOR = YES;
				GCC_WARN_UNINITIALIZED_AUTOS = YES_AGGRESSIVE;
				GCC_WARN_UNUSED_FUNCTION = YES;
				GCC_WARN_UNUSED_VARIABLE = YES;
				IPHONEOS_DEPLOYMENT_TARGET = 10.2;
				MTL_ENABLE_DEBUG_INFO = YES;
				ONLY_ACTIVE_ARCH = YES;
				SDKROOT = iphoneos;
				SWIFT_ACTIVE_COMPILATION_CONDITIONS = DEBUG;
				SWIFT_OPTIMIZATION_LEVEL = "-Onone";
				TARGETED_DEVICE_FAMILY = "1,2";
			};
			name = Debug;
		};
		DAE772941F1397CA00B32B89 /* Release */ = {
			isa = XCBuildConfiguration;
			buildSettings = {
				ALWAYS_SEARCH_USER_PATHS = NO;
				CLANG_ANALYZER_NONNULL = YES;
				CLANG_CXX_LANGUAGE_STANDARD = "gnu++0x";
				CLANG_CXX_LIBRARY = "libc++";
				CLANG_ENABLE_MODULES = YES;
				CLANG_ENABLE_OBJC_ARC = YES;
				CLANG_WARN_BLOCK_CAPTURE_AUTORELEASING = YES;
				CLANG_WARN_BOOL_CONVERSION = YES;
				CLANG_WARN_COMMA = YES;
				CLANG_WARN_CONSTANT_CONVERSION = YES;
				CLANG_WARN_DIRECT_OBJC_ISA_USAGE = YES_ERROR;
				CLANG_WARN_DOCUMENTATION_COMMENTS = YES;
				CLANG_WARN_EMPTY_BODY = YES;
				CLANG_WARN_ENUM_CONVERSION = YES;
				CLANG_WARN_INFINITE_RECURSION = YES;
				CLANG_WARN_INT_CONVERSION = YES;
				CLANG_WARN_NON_LITERAL_NULL_CONVERSION = YES;
				CLANG_WARN_OBJC_LITERAL_CONVERSION = YES;
				CLANG_WARN_OBJC_ROOT_CLASS = YES_ERROR;
				CLANG_WARN_RANGE_LOOP_ANALYSIS = YES;
				CLANG_WARN_STRICT_PROTOTYPES = YES;
				CLANG_WARN_SUSPICIOUS_MOVE = YES;
				CLANG_WARN_UNREACHABLE_CODE = YES;
				CLANG_WARN__DUPLICATE_METHOD_MATCH = YES;
				"CODE_SIGN_IDENTITY[sdk=iphoneos*]" = "iPhone Developer";
				COPY_PHASE_STRIP = NO;
				DEBUG_INFORMATION_FORMAT = "dwarf-with-dsym";
				ENABLE_NS_ASSERTIONS = NO;
				ENABLE_STRICT_OBJC_MSGSEND = YES;
				GCC_C_LANGUAGE_STANDARD = gnu99;
				GCC_NO_COMMON_BLOCKS = YES;
				GCC_WARN_64_TO_32_BIT_CONVERSION = YES;
				GCC_WARN_ABOUT_RETURN_TYPE = YES_ERROR;
				GCC_WARN_UNDECLARED_SELECTOR = YES;
				GCC_WARN_UNINITIALIZED_AUTOS = YES_AGGRESSIVE;
				GCC_WARN_UNUSED_FUNCTION = YES;
				GCC_WARN_UNUSED_VARIABLE = YES;
				IPHONEOS_DEPLOYMENT_TARGET = 10.2;
				MTL_ENABLE_DEBUG_INFO = NO;
				SDKROOT = iphoneos;
				SWIFT_OPTIMIZATION_LEVEL = "-Owholemodule";
				TARGETED_DEVICE_FAMILY = "1,2";
				VALIDATE_PRODUCT = YES;
			};
			name = Release;
		};
		DAE772961F1397CA00B32B89 /* Debug */ = {
			isa = XCBuildConfiguration;
			buildSettings = {
				ASSETCATALOG_COMPILER_APPICON_NAME = AppIcon;
				ASSETCATALOG_COMPILER_LAUNCHIMAGE_NAME = LaunchImage;
				DEVELOPMENT_TEAM = 6CGSY8527L;
				INFOPLIST_FILE = Zyboo/Info.plist;
				LD_RUNPATH_SEARCH_PATHS = "$(inherited) @executable_path/Frameworks";
				PRODUCT_BUNDLE_IDENTIFIER = PlanetKGames.Zyboo;
				PRODUCT_NAME = "$(TARGET_NAME)";
				SWIFT_SWIFT3_OBJC_INFERENCE = Default;
				SWIFT_VERSION = 4.0;
			};
			name = Debug;
		};
		DAE772971F1397CA00B32B89 /* Release */ = {
			isa = XCBuildConfiguration;
			buildSettings = {
				ASSETCATALOG_COMPILER_APPICON_NAME = AppIcon;
				ASSETCATALOG_COMPILER_LAUNCHIMAGE_NAME = LaunchImage;
				DEVELOPMENT_TEAM = 6CGSY8527L;
				INFOPLIST_FILE = Zyboo/Info.plist;
				LD_RUNPATH_SEARCH_PATHS = "$(inherited) @executable_path/Frameworks";
				PRODUCT_BUNDLE_IDENTIFIER = PlanetKGames.Zyboo;
				PRODUCT_NAME = "$(TARGET_NAME)";
				SWIFT_SWIFT3_OBJC_INFERENCE = Default;
				SWIFT_VERSION = 4.0;
			};
			name = Release;
		};
		DAE772991F1397CA00B32B89 /* Debug */ = {
			isa = XCBuildConfiguration;
			buildSettings = {
				ALWAYS_EMBED_SWIFT_STANDARD_LIBRARIES = YES;
				BUNDLE_LOADER = "$(TEST_HOST)";
				DEVELOPMENT_TEAM = 6CGSY8527L;
				INFOPLIST_FILE = ZybooTests/Info.plist;
				LD_RUNPATH_SEARCH_PATHS = "$(inherited) @executable_path/Frameworks @loader_path/Frameworks";
				PRODUCT_BUNDLE_IDENTIFIER = PlanetKGames.ZybooTests;
				PRODUCT_NAME = "$(TARGET_NAME)";
				SWIFT_SWIFT3_OBJC_INFERENCE = Default;
				SWIFT_VERSION = 4.0;
				TEST_HOST = "$(BUILT_PRODUCTS_DIR)/Zyboo.app/Zyboo";
			};
			name = Debug;
		};
		DAE7729A1F1397CA00B32B89 /* Release */ = {
			isa = XCBuildConfiguration;
			buildSettings = {
				ALWAYS_EMBED_SWIFT_STANDARD_LIBRARIES = YES;
				BUNDLE_LOADER = "$(TEST_HOST)";
				DEVELOPMENT_TEAM = 6CGSY8527L;
				INFOPLIST_FILE = ZybooTests/Info.plist;
				LD_RUNPATH_SEARCH_PATHS = "$(inherited) @executable_path/Frameworks @loader_path/Frameworks";
				PRODUCT_BUNDLE_IDENTIFIER = PlanetKGames.ZybooTests;
				PRODUCT_NAME = "$(TARGET_NAME)";
				SWIFT_SWIFT3_OBJC_INFERENCE = Default;
				SWIFT_VERSION = 4.0;
				TEST_HOST = "$(BUILT_PRODUCTS_DIR)/Zyboo.app/Zyboo";
			};
			name = Release;
		};
		DAE7729C1F1397CA00B32B89 /* Debug */ = {
			isa = XCBuildConfiguration;
			buildSettings = {
				ALWAYS_EMBED_SWIFT_STANDARD_LIBRARIES = YES;
				DEVELOPMENT_TEAM = 6CGSY8527L;
				INFOPLIST_FILE = ZybooUITests/Info.plist;
				LD_RUNPATH_SEARCH_PATHS = "$(inherited) @executable_path/Frameworks @loader_path/Frameworks";
				PRODUCT_BUNDLE_IDENTIFIER = PlanetKGames.ZybooUITests;
				PRODUCT_NAME = "$(TARGET_NAME)";
				SWIFT_SWIFT3_OBJC_INFERENCE = Default;
				SWIFT_VERSION = 4.0;
				TEST_TARGET_NAME = Zyboo;
			};
			name = Debug;
		};
		DAE7729D1F1397CA00B32B89 /* Release */ = {
			isa = XCBuildConfiguration;
			buildSettings = {
				ALWAYS_EMBED_SWIFT_STANDARD_LIBRARIES = YES;
				DEVELOPMENT_TEAM = 6CGSY8527L;
				INFOPLIST_FILE = ZybooUITests/Info.plist;
				LD_RUNPATH_SEARCH_PATHS = "$(inherited) @executable_path/Frameworks @loader_path/Frameworks";
				PRODUCT_BUNDLE_IDENTIFIER = PlanetKGames.ZybooUITests;
				PRODUCT_NAME = "$(TARGET_NAME)";
				SWIFT_SWIFT3_OBJC_INFERENCE = Default;
				SWIFT_VERSION = 4.0;
				TEST_TARGET_NAME = Zyboo;
			};
			name = Release;
		};
/* End XCBuildConfiguration section */

/* Begin XCConfigurationList section */
		DAE772661F1397C800B32B89 /* Build configuration list for PBXProject "Zyboo" */ = {
			isa = XCConfigurationList;
			buildConfigurations = (
				DAE772931F1397CA00B32B89 /* Debug */,
				DAE772941F1397CA00B32B89 /* Release */,
			);
			defaultConfigurationIsVisible = 0;
			defaultConfigurationName = Release;
		};
		DAE772951F1397CA00B32B89 /* Build configuration list for PBXNativeTarget "Zyboo" */ = {
			isa = XCConfigurationList;
			buildConfigurations = (
				DAE772961F1397CA00B32B89 /* Debug */,
				DAE772971F1397CA00B32B89 /* Release */,
			);
			defaultConfigurationIsVisible = 0;
			defaultConfigurationName = Release;
		};
		DAE772981F1397CA00B32B89 /* Build configuration list for PBXNativeTarget "ZybooTests" */ = {
			isa = XCConfigurationList;
			buildConfigurations = (
				DAE772991F1397CA00B32B89 /* Debug */,
				DAE7729A1F1397CA00B32B89 /* Release */,
			);
			defaultConfigurationIsVisible = 0;
			defaultConfigurationName = Release;
		};
		DAE7729B1F1397CA00B32B89 /* Build configuration list for PBXNativeTarget "ZybooUITests" */ = {
			isa = XCConfigurationList;
			buildConfigurations = (
				DAE7729C1F1397CA00B32B89 /* Debug */,
				DAE7729D1F1397CA00B32B89 /* Release */,
			);
			defaultConfigurationIsVisible = 0;
			defaultConfigurationName = Release;
		};
/* End XCConfigurationList section */

/* Begin XCVersionGroup section */
		DAEDC6EC1F2EC618001DC139 /* ZybooCoreData.xcdatamodeld */ = {
			isa = XCVersionGroup;
			children = (
				DAEDC6ED1F2EC618001DC139 /* ZybooCoreData.xcdatamodel */,
			);
			currentVersion = DAEDC6ED1F2EC618001DC139 /* ZybooCoreData.xcdatamodel */;
			path = ZybooCoreData.xcdatamodeld;
			sourceTree = "<group>";
			versionGroupType = wrapper.xcdatamodel;
		};
/* End XCVersionGroup section */
	};
	rootObject = DAE772631F1397C800B32B89 /* Project object */;
}
